
Microsoft Visual Studio Solution File, Format Version 12.00
# Visual Studio Version 16
VisualStudioVersion = 16.0.29911.84
MinimumVisualStudioVersion = 10.0.40219.1
Project("{FAE04EC0-301F-11D3-BF4B-00C04F79EFBC}") = "ananddotnetlin", "ananddotnetlin\ananddotnetlin.csproj", "{1E4EBF81-F9DB-4C53-93CA-2B8D3CC90C20}"
EndProject
Global
	GlobalSection(SolutionConfigurationPlatforms) = preSolution
		Debug|Any CPU = Debug|Any CPU
		Release|Any CPU = Release|Any CPU
	EndGlobalSection
	GlobalSection(ProjectConfigurationPlatforms) = postSolution
		{1E4EBF81-F9DB-4C53-93CA-2B8D3CC90C20}.Debug|Any CPU.ActiveCfg = Debug|Any CPU
		{1E4EBF81-F9DB-4C53-93CA-2B8D3CC90C20}.Debug|Any CPU.Build.0 = Debug|Any CPU
		{1E4EBF81-F9DB-4C53-93CA-2B8D3CC90C20}.Release|Any CPU.ActiveCfg = Release|Any CPU
		{1E4EBF81-F9DB-4C53-93CA-2B8D3CC90C20}.Release|Any CPU.Build.0 = Release|Any CPU
	EndGlobalSection
	GlobalSection(SolutionProperties) = preSolution
		HideSolutionNode = FALSE
	EndGlobalSection
	GlobalSection(ExtensibilityGlobals) = postSolution
		SolutionGuid = {D95892E4-1FB3-4AC0-9C7C-E67DE8C801B0}
	EndGlobalSection
EndGlobal
